
Microsoft Visual Studio Solution File, Format Version 12.00
# Visual Studio 15
VisualStudioVersion = 15.0.28307.271
MinimumVisualStudioVersion = 10.0.40219.1
Project("{FAE04EC0-301F-11D3-BF4B-00C04F79EFBC}") = "AnimatedButtons", "AnimatedButtons\AnimatedButtons.csproj", "{0882590B-4FAD-4F38-9CF6-DAC89D82976E}"
EndProject
Global
	GlobalSection(SolutionConfigurationPlatforms) = preSolution
		Debug|ARM = Debug|ARM
		Debug|ARM64 = Debug|ARM64
		Debug|x64 = Debug|x64
		Debug|x86 = Debug|x86
		Release|ARM = Release|ARM
		Release|ARM64 = Release|ARM64
		Release|x64 = Release|x64
		Release|x86 = Release|x86
	EndGlobalSection
	GlobalSection(ProjectConfigurationPlatforms) = postSolution
		{0882590B-4FAD-4F38-9CF6-DAC89D82976E}.Debug|ARM.ActiveCfg = Debug|ARM
		{0882590B-4FAD-4F38-9CF6-DAC89D82976E}.Debug|ARM.Build.0 = Debug|ARM
		{0882590B-4FAD-4F38-9CF6-DAC89D82976E}.Debug|ARM.Deploy.0 = Debug|ARM
		{0882590B-4FAD-4F38-9CF6-DAC89D82976E}.Debug|ARM64.ActiveCfg = Debug|ARM64
		{0882590B-4FAD-4F38-9CF6-DAC89D82976E}.Debug|ARM64.Build.0 = Debug|ARM64
		{0882590B-4FAD-4F38-9CF6-DAC89D82976E}.Debug|ARM64.Deploy.0 = Debug|ARM64
		{0882590B-4FAD-4F38-9CF6-DAC89D82976E}.Debug|x64.ActiveCfg = Debug|x64
		{0882590B-4FAD-4F38-9CF6-DAC89D82976E}.Debug|x64.Build.0 = Debug|x64
		{0882590B-4FAD-4F38-9CF6-DAC89D82976E}.Debug|x64.Deploy.0 = Debug|x64
		{0882590B-4FAD-4F38-9CF6-DAC89D82976E}.Debug|x86.ActiveCfg = Debug|x86
		{0882590B-4FAD-4F38-9CF6-DAC89D82976E}.Debug|x86.Build.0 = Debug|x86
		{0882590B-4FAD-4F38-9CF6-DAC89D82976E}.Debug|x86.Deploy.0 = Debug|x86
		{0882590B-4FAD-4F38-9CF6-DAC89D82976E}.Release|ARM.ActiveCfg = Release|ARM
		{0882590B-4FAD-4F38-9CF6-DAC89D82976E}.Release|ARM.Build.0 = Release|ARM
		{0882590B-4FAD-4F38-9CF6-DAC89D82976E}.Release|ARM.Deploy.0 = Release|ARM
		{0882590B-4FAD-4F38-9CF6-DAC89D82976E}.Release|ARM64.ActiveCfg = Release|ARM64
		{0882590B-4FAD-4F38-9CF6-DAC89D82976E}.Release|ARM64.Build.0 = Release|ARM64
		{0882590B-4FAD-4F38-9CF6-DAC89D82976E}.Release|ARM64.Deploy.0 = Release|ARM64
		{0882590B-4FAD-4F38-9CF6-DAC89D82976E}.Release|x64.ActiveCfg = Release|x64
		{0882590B-4FAD-4F38-9CF6-DAC89D82976E}.Release|x64.Build.0 = Release|x64
		{0882590B-4FAD-4F38-9CF6-DAC89D82976E}.Release|x64.Deploy.0 = Release|x64
		{0882590B-4FAD-4F38-9CF6-DAC89D82976E}.Release|x86.ActiveCfg = Release|x86
		{0882590B-4FAD-4F38-9CF6-DAC89D82976E}.Release|x86.Build.0 = Release|x86
		{0882590B-4FAD-4F38-9CF6-DAC89D82976E}.Release|x86.Deploy.0 = Release|x86
	EndGlobalSection
	GlobalSection(SolutionProperties) = preSolution
		HideSolutionNode = FALSE
	EndGlobalSection
	GlobalSection(ExtensibilityGlobals) = postSolution
		SolutionGuid = {6A454FC7-D005-4EB0-AF01-F4EDFB5F7CE0}
	EndGlobalSection
EndGlobal
